
Microsoft Visual Studio Solution File, Format Version 12.00
# Visual Studio Version 16
VisualStudioVersion = 16.0.29806.167
MinimumVisualStudioVersion = 10.0.40219.1
Project("{FAE04EC0-301F-11D3-BF4B-00C04F79EFBC}") = "Parcial03", "Parcial03\Parcial03.csproj", "{7D83D582-4B9D-4293-8153-CFACB1F9AA0A}"
EndProject
Project("{FAE04EC0-301F-11D3-BF4B-00C04F79EFBC}") = "Entity", "Entity\Entity.csproj", "{1BA930E6-6282-4CA4-A30D-8DF67F423F93}"
EndProject
Project("{FAE04EC0-301F-11D3-BF4B-00C04F79EFBC}") = "DAL", "DAL\DAL.csproj", "{9905A6F7-BC29-4609-B6D4-19E6CA14475D}"
EndProject
Project("{FAE04EC0-301F-11D3-BF4B-00C04F79EFBC}") = "BLL", "BLL\BLL.csproj", "{1ABFA0A8-7E74-4848-98B7-4813A3C684F2}"
EndProject
Global
	GlobalSection(SolutionConfigurationPlatforms) = preSolution
		Debug|Any CPU = Debug|Any CPU
		Release|Any CPU = Release|Any CPU
	EndGlobalSection
	GlobalSection(ProjectConfigurationPlatforms) = postSolution
		{7D83D582-4B9D-4293-8153-CFACB1F9AA0A}.Debug|Any CPU.ActiveCfg = Debug|Any CPU
		{7D83D582-4B9D-4293-8153-CFACB1F9AA0A}.Debug|Any CPU.Build.0 = Debug|Any CPU
		{7D83D582-4B9D-4293-8153-CFACB1F9AA0A}.Release|Any CPU.ActiveCfg = Release|Any CPU
		{7D83D582-4B9D-4293-8153-CFACB1F9AA0A}.Release|Any CPU.Build.0 = Release|Any CPU
		{1BA930E6-6282-4CA4-A30D-8DF67F423F93}.Debug|Any CPU.ActiveCfg = Debug|Any CPU
		{1BA930E6-6282-4CA4-A30D-8DF67F423F93}.Debug|Any CPU.Build.0 = Debug|Any CPU
		{1BA930E6-6282-4CA4-A30D-8DF67F423F93}.Release|Any CPU.ActiveCfg = Release|Any CPU
		{1BA930E6-6282-4CA4-A30D-8DF67F423F93}.Release|Any CPU.Build.0 = Release|Any CPU
		{9905A6F7-BC29-4609-B6D4-19E6CA14475D}.Debug|Any CPU.ActiveCfg = Debug|Any CPU
		{9905A6F7-BC29-4609-B6D4-19E6CA14475D}.Debug|Any CPU.Build.0 = Debug|Any CPU
		{9905A6F7-BC29-4609-B6D4-19E6CA14475D}.Release|Any CPU.ActiveCfg = Release|Any CPU
		{9905A6F7-BC29-4609-B6D4-19E6CA14475D}.Release|Any CPU.Build.0 = Release|Any CPU
		{1ABFA0A8-7E74-4848-98B7-4813A3C684F2}.Debug|Any CPU.ActiveCfg = Debug|Any CPU
		{1ABFA0A8-7E74-4848-98B7-4813A3C684F2}.Debug|Any CPU.Build.0 = Debug|Any CPU
		{1ABFA0A8-7E74-4848-98B7-4813A3C684F2}.Release|Any CPU.ActiveCfg = Release|Any CPU
		{1ABFA0A8-7E74-4848-98B7-4813A3C684F2}.Release|Any CPU.Build.0 = Release|Any CPU
	EndGlobalSection
	GlobalSection(SolutionProperties) = preSolution
		HideSolutionNode = FALSE
	EndGlobalSection
	GlobalSection(ExtensibilityGlobals) = postSolution
		SolutionGuid = {DDFB682C-38BD-4CF5-AC34-34D34AD81CA6}
	EndGlobalSection
EndGlobal
